
Microsoft Visual Studio Solution File, Format Version 12.00
# Visual Studio Version 17
VisualStudioVersion = 17.0.32014.148
MinimumVisualStudioVersion = 10.0.40219.1
Project("{FAE04EC0-301F-11D3-BF4B-00C04F79EFBC}") = "CSharpDataTypes", "CSharpDataTypes\CSharpDataTypes.csproj", "{CF22A74F-6D2B-4234-BD2B-C0D06833C123}"
EndProject
Global
	GlobalSection(SolutionConfigurationPlatforms) = preSolution
		Debug|Any CPU = Debug|Any CPU
		Release|Any CPU = Release|Any CPU
	EndGlobalSection
	GlobalSection(ProjectConfigurationPlatforms) = postSolution
		{CF22A74F-6D2B-4234-BD2B-C0D06833C123}.Debug|Any CPU.ActiveCfg = Debug|Any CPU
		{CF22A74F-6D2B-4234-BD2B-C0D06833C123}.Debug|Any CPU.Build.0 = Debug|Any CPU
		{CF22A74F-6D2B-4234-BD2B-C0D06833C123}.Release|Any CPU.ActiveCfg = Release|Any CPU
		{CF22A74F-6D2B-4234-BD2B-C0D06833C123}.Release|Any CPU.Build.0 = Release|Any CPU
	EndGlobalSection
	GlobalSection(SolutionProperties) = preSolution
		HideSolutionNode = FALSE
	EndGlobalSection
	GlobalSection(ExtensibilityGlobals) = postSolution
		SolutionGuid = {EEA6F0E3-53E0-4F88-A0BE-4C68768DEDA9}
	EndGlobalSection
EndGlobal
